
Microsoft Visual Studio Solution File, Format Version 12.00
# Visual Studio Version 16
VisualStudioVersion = 16.0.31005.135
MinimumVisualStudioVersion = 10.0.40219.1
Project("{FAE04EC0-301F-11D3-BF4B-00C04F79EFBC}") = "TodoApp", "TodoApp\TodoApp.csproj", "{EBAC4735-C935-44B4-95B1-4F4928BAB880}"
EndProject
Global
	GlobalSection(SolutionConfigurationPlatforms) = preSolution
		Debug|Any CPU = Debug|Any CPU
		Release|Any CPU = Release|Any CPU
	EndGlobalSection
	GlobalSection(ProjectConfigurationPlatforms) = postSolution
		{EBAC4735-C935-44B4-95B1-4F4928BAB880}.Debug|Any CPU.ActiveCfg = Debug|Any CPU
		{EBAC4735-C935-44B4-95B1-4F4928BAB880}.Debug|Any CPU.Build.0 = Debug|Any CPU
		{EBAC4735-C935-44B4-95B1-4F4928BAB880}.Release|Any CPU.ActiveCfg = Release|Any CPU
		{EBAC4735-C935-44B4-95B1-4F4928BAB880}.Release|Any CPU.Build.0 = Release|Any CPU
	EndGlobalSection
	GlobalSection(SolutionProperties) = preSolution
		HideSolutionNode = FALSE
	EndGlobalSection
	GlobalSection(ExtensibilityGlobals) = postSolution
		SolutionGuid = {923CE660-DCAD-4166-9997-DC4C7752FB3E}
	EndGlobalSection
EndGlobal
